github.com/VividCortex/ewma v1.2.0 h1:f58SaIzcDXrSy3kWaHNvuJgJ3Nmz59Zji6XoJR/q1ow=
github.com/VividCortex/ewma v1.2.0/go.mod h1:nz4BbCtbLyFDeC9SUHbtcT5644juEuWfUAUnGx7j5l4=
github.com/acarl005/stripansi v0.0.0-20180116102854-5a71ef0e047d h1:licZJFw2RwpHMqeKTCYkitsPqHNxTmd4SNR5r94FGM8=
github.com/acarl005/stripansi v0.0.0-20180116102854-5a71ef0e047d/go.mod h1:asat636LX7Bqt5lYEZ27JNDcqxfjdBQuJ/MM4CN/Lzo=
github.com/aws/aws-sdk-go-v2 v1.16.14 h1:db6GvO4Z2UqHt5gvT0lr6J5x5P+oQ7bdRzczVaRekMU=
github.com/aws/aws-sdk-go-v2 v1.16.14/go.mod h1:s/G+UV29dECbF5rf+RNj1xhlmvoNurGSr+McVSRj59w=
github.com/aws/aws-sdk-go-v2/aws/protocol/eventstream v1.4.7 h1:/kxQjtZc7j67TMW/aFJfpsrlvFhsq3lNbX41qN5Tro4=
github.com/aws/aws-sdk-go-v2/aws/protocol/eventstream v1.4.7/go.mod h1:KvHyNlxCjo9Y1Fsz+6Ex9OaN2jKijvMxzROxpW5Vctc=
github.com/aws/aws-sdk-go-v2/config v1.17.5 h1:+NS1BWvprx7nHcIk5o32LrZgifs/7Pm1V2nWjQgZ2H0=
github.com/aws/aws-sdk-go-v2/config v1.17.5/go.mod h1:H0cvPNDO3uExWts/9PDhD/0ne2esu1uaIulwn1vkwxM=
github.com/aws/aws-sdk-go-v2/credentials v1.12.18 h1:HF62tbhARhgLfvmfwUbL9qZ+dkbZYzbFdxBb3l5gr7Q=
github.com/aws/aws-sdk-go-v2/credentials v1.12.18/go.mod h1:O7n/CPagQ33rfG6h7vR/W02ammuc5CrsSM22cNZp9so=
github.com/aws/aws-sdk-go-v2/feature/ec2/imds v1.12.15 h1:nkQ+aI0OCeYfzrBipL6ja/6VEbUnHQoZHBHtoK+Nzxw=
github.com/aws/aws-sdk-go-v2/feature/ec2/imds v1.12.15/go.mod h1:Oz2/qWINxIgSmoZT9adpxJy2UhpcOAI3TIyWgYMVSz0=
github.com/aws/aws-sdk-go-v2/internal/configsources v1.1.21 h1:gRIXnmAVNyoRQywdNtpAkgY+f30QNzgF53Q5OobNZZs=
github.com/aws/aws-sdk-go-v2/internal/configsources v1.1.21/go.mod h1:XsmHMV9c512xgsW01q7H0ut+UQQQpWX8QsFbdLHDwaU=
github.com/aws/aws-sdk-go-v2/internal/endpoints/v2 v2.4.15 h1:noAhOo2mMDyYhTx99aYPvQw16T3fQ/DiKAv9fzpIKH8=
github.com/aws/aws-sdk-go-v2/internal/endpoints/v2 v2.4.15/go.mod h1:kjJ4CyD9M3Wq88GYg3IPfj67Rs0Uvz8aXK7MJ8BvE4I=
github.com/aws/aws-sdk-go-v2/internal/ini v1.3.22 h1:nF+E8HfYpOMw6M5oA9efB602VC00IHNQnB5CmFvZPvA=
github.com/aws/aws-sdk-go-v2/internal/ini v1.3.22/go.mod h1:tltHVGy977LrSOgRR5aV9+miyno/Gul/uJNPKS7FzP4=
github.com/aws/aws-sdk-go-v2/internal/v4a v1.0.12 h1:i0Tig01XGhXo/ki1BZUbRMhusGVCScEvaWdlFRWxAKk=
github.com/aws/aws-sdk-go-v2/internal/v4a v1.0.12/go.mod h1:QPoxYMISvteeDH4A89gGWWlCA/Bz6oUDF7hGdPdOPuE=
github.com/aws/aws-sdk-go-v2/service/acm v1.14.16 h1:3wqtTwOBQh0qpriJ46gkpCvkd6dxvcXtEm3942sml4E=
github.com/aws/aws-sdk-go-v2/service/acm v1.14.16/go.mod h1:AihKt+UPpI2ThSmParS7Bi7Tzlxl+pJdmyAmOtXHihU=
github.com/aws/aws-sdk-go-v2/service/apigateway v1.15.18 h1:R3JedWH++HbzxStVWPjyFFXENgYgK5kNkfZ01EsHNcI=
github.com/aws/aws-sdk-go-v2/service/apigateway v1.15.18/go.mod h1:v20fC1FwiUJWmrtC6h3vZmWyf3PhCE/xlxIXFF42/Xk=
github.com/aws/aws-sdk-go-v2/service/autoscaling v1.23.14 h1:0Dcxd1lGWAzWCGuVl82UFGMm1tM1fOioQg/Or9qYSV4=
github.com/aws/aws-sdk-go-v2/service/autoscaling v1.23.14/go.mod h1:TdlJCYadv3Jxv00VGfsM6tH4nXdb9rXnNnOoPKu1Gi8=
github.com/aws/aws-sdk-go-v2/service/cloudfront v1.20.3 h1:eFvjjXyZqBmdZHjf33tOBdSRQKPTPNLpJN3TWTCcTt8=
github.com/aws/aws-sdk-go-v2/service/cloudfront v1.20.3/go.mod h1:O591dMiqcCVgiLrSwcKwFthC9DdlmvgS3P+jyFUY2+U=
github.com/aws/aws-sdk-go-v2/service/cloudtrail v1.16.12 h1:kEB8f463sCGRd0HnSNEi9nxXJNVIEAE6Eh7FS2qxqs0=
github.com/aws/aws-sdk-go-v2/service/cloudtrail v1.16.12/go.mod h1:R+DQ8kXSHr/8SVLU5cQ2bmWyqcVg1VQX/eA+wBfr5sA=
github.com/aws/aws-sdk-go-v2/service/dynamodb v1.16.4 h1:mAZdz3kvGBWC0feqQcpUF9trQ0d1qmJVNrcUv6eneIo=
github.com/aws/aws-sdk-go-v2/service/dynamodb v1.16.4/go.mod h1:xDs8FfL3lHGCYWb0ytqxjIKT5AYLY/Oi9Mh8BV0nkLg=
github.com/aws/aws-sdk-go-v2/service/ec2 v1.54.4 h1:YzVHUh2n817PJsTyE64ZXrO7tHiLz7rCN6P/hIIWEo0=
github.com/aws/aws-sdk-go-v2/service/ec2 v1.54.4/go.mod h1:p5AOIjPAhnxZwHRkI+kiG7X5uSXz3sPWbIjsRjsVJ/U=
github.com/aws/aws-sdk-go-v2/service/ecr v1.17.16 h1:Fl+PSDkwzeNnI42wHAfRvreL6r7I2yAVYSCpXan9go4=
github.com/aws/aws-sdk-go-v2/service/ecr v1.17.16/go.mod h1:PKNfdxgouO2lS7Hl3p3LlEOsGS9ZHMu+P6E2ZfrdVxM=
github.com/aws/aws-sdk-go-v2/service/eks v1.21.11 h1:i3tEE+cLmu/MR5VPjPtNZucFJKjklxxMstJveGwxwpU=
github.com/aws/aws-sdk-go-v2/service/eks v1.21.11/go.mod h1:uQKobwLPAvlksViYM6CGnpmfhjca+LjHAhtfSdHrKVg=
github.com/aws/aws-sdk-go-v2/service/elasticloadbalancingv2 v1.18.17 h1:aGtbr5HNb9E1xzDAuWK5kAECH2BtwzFdoQx8lKnKuDc=
github.com/aws/aws-sdk-go-v2/service/elasticloadbalancingv2 v1.18.17/go.mod h1:n+QeyxC6AvbThk1qqU0pBOBDbZewYcHgR59pRDNTQjw=
github.com/aws/aws-sdk-go-v2/service/guardduty v1.15.7 h1:l6jFBvEzcGC+rO7IXZyLKUG9S3aS5EBZ00Q9e+OVlIY=
github.com/aws/aws-sdk-go-v2/service/guardduty v1.15.7/go.mod h1:QTzmWjg5A57eNvNLb/9YIWe2O4+ZMrRjPDLtF2hDfAE=
github.com/aws/aws-sdk-go-v2/service/iam v1.18.17 h1:2sbycB3YvoTTT6bqT8GmTRRkNnpTh42OeFv5IEBCPkk=
github.com/aws/aws-sdk-go-v2/service/iam v1.18.17/go.mod h1:P78+32N8FUruwcMQz0YET9NnD991g6Ud2Z9ldLX3OxM=
github.com/aws/aws-sdk-go-v2/service/internal/accept-encoding v1.9.8 h1:NpixDFjwr1BZg2459mX07NZnVYGGp62Lb6AtVGOLNlo=
github.com/aws/aws-sdk-go-v2/service/internal/accept-encoding v1.9.8/go.mod h1:MJUgrBPfGB4yk2uWoImVqd9cklry1hATyJV/7gJ6JTk=
github.com/aws/aws-sdk-go-v2/service/internal/checksum v1.1.16 h1:kHc3TqW5kJ9Vfd9YEwywrNrL87DItpvAohlP+OuzABY=
github.com/aws/aws-sdk-go-v2/service/internal/checksum v1.1.16/go.mod h1:U/9ZCgIx6x6NTdFRt60qO3gxUxBx4gRi+S/Yc/n+7vc=
github.com/aws/aws-sdk-go-v2/service/internal/endpoint-discovery v1.7.15 h1:cglph/vzXji9hnXhlWq2bVkPU0qofeOCV/Jv7AWGEh4=
github.com/aws/aws-sdk-go-v2/service/internal/endpoint-discovery v1.7.15/go.mod h1:NNBwPIB0wjkpeeQztU3FRD8O8T77MCrObyC1RiHf6G8=
github.com/aws/aws-sdk-go-v2/service/internal/presigned-url v1.9.15 h1:xlf0J6DUgAj/ocvKQxCmad8Bu1lJuRbt5Wu+4G1xw1g=
github.com/aws/aws-sdk-go-v2/service/internal/presigned-url v1.9.15/go.mod h1:ZVJ7ejRl4+tkWMuCwjXoy0jd8fF5u3RCyWjSVjUIvQE=
github.com/aws/aws-sdk-go-v2/service/internal/s3shared v1.13.15 h1:v9f7NY7D19ssE2EM+m9yT1m5zdWHuRAsZaFh24GAkOk=
github.com/aws/aws-sdk-go-v2/service/internal/s3shared v1.13.15/go.mod h1:gXfPo3nMoCbJKTZKDxv3rUhcYJjYT/K++jEqcWHjD/Q=
github.com/aws/aws-sdk-go-v2/service/lambda v1.24.4 h1:TjBzpwWQwR0YXdtFITw0a54hFfpcKVODU06H+nN5Ek4=
github.com/aws/aws-sdk-go-v2/service/lambda v1.24.4/go.mod h1:7nxxfr4DEkcWIT0VqoqBqSNCz3PGEJ9clXvS87SA9ig=
github.com/aws/aws-sdk-go-v2/service/rds v1.25.5 h1:MCEH1CnQZzXzUgr4qAzo1KJobVU+8p1mlNsU5pgM4nc=
github.com/aws/aws-sdk-go-v2/service/rds v1.25.5/go.mod h1:vxlyLxFwlDDp8Nsqn2dBVeFQmD9zBn+C1hKxcM+n21k=
github.com/aws/aws-sdk-go-v2/service/s3 v1.27.9 h1:imVonvre+AHMcDc3B9bPHHy5ZgjIkkYc/jyDBK8FHFw=
github.com/aws/aws-sdk-go-v2/service/s3 v1.27.9/go.mod h1:0Gfmg8gjPhVPy/IXkLAmyKZbAue+2s11BWKH+oXggmg=
github.com/aws/aws-sdk-go-v2/service/sso v1.11.21 h1:7jUFr+7F4MzIjCZzy7ygRtXFQcQ0kAbT0gUvtUeAdyU=
github.com/aws/aws-sdk-go-v2/service/sso v1.11.21/go.mod h1:q8nYq51W3gpZempYsAD83fPRlrOTMCwN+Ahg4BKFTXQ=
github.com/aws/aws-sdk-go-v2/service/ssooidc v1.13.3 h1:UTTPNP3/WzZa7hoHP3Szb/Yl0bM3NoBrf5ABy1OArUM=
github.com/aws/aws-sdk-go-v2/service/ssooidc v1.13.3/go.mod h1:+IF75RMJh0+zqTGXGshyEGRsU2ImqWv6UuHGkHl6kEo=
github.com/aws/aws-sdk-go-v2/service/sts v1.16.17 h1:LVM2jzEQ8mhb2dhrFl4PJ3sa5+KcKT01dsMk2Ma9/FU=
github.com/aws/aws-sdk-go-v2/service/sts v1.16.17/go.mod h1:bQujK1n0V1D1Gz5uII1jaB1WDvhj4/T3tElsJnVXCR0=
github.com/aws/smithy-go v1.13.2 h1:TBLKyeJfXTrTXRHmsv4qWt9IQGYyWThLYaJWSahTOGE=
github.com/aws/smithy-go v1.13.2/go.mod h1:Tg+OJXh4MB2R/uN61Ko2f6hTZwB/ZYGOtib8J3gBHzA=
github.com/coreos/go-systemd/v22 v22.3.3-0.20220203105225-a9a7ef127534/go.mod h1:Y58oyj3AT4RCenI/lSvhwexgC+NSVTIJ3seZv2GcEnc=
github.com/davecgh/go-spew v1.1.0/go.mod h1:J7Y8YcW2NihsgmVo/mv3lAwl/skON4iLHjSsI+c5H38=
github.com/davecgh/go-spew v1.1.1 h1:vj9j/u1bqnvCEfJOwUhtlOARqs3+rkHYY13jYWTU97c=
github.com/davecgh/go-spew v1.1.1/go.mod h1:J7Y8YcW2NihsgmVo/mv3lAwl/skON4iLHjSsI+c5H38=
github.com/fatih/color v1.13.0 h1:8LOYc1KYPPmyKMuN8QV2DNRWNbLo6LZ0iLs8+mlH53w=
github.com/fatih/color v1.13.0/go.mod h1:kLAiJbzzSOZDVNGyDpeOxJ47H46qBXwg5ILebYFFOfk=
github.com/godbus/dbus/v5 v5.0.4/go.mod h1:xhWf0FNVPg57R7Z0UbKHbJfkEywrmjJnf7w5xrFpKfA=
github.com/google/go-cmp v0.5.8 h1:e6P7q2lk1O+qJJb4BtCQXlK8vWEO8V1ZeuEdJNOqZyg=
github.com/google/go-cmp v0.5.8/go.mod h1:17dUlkBOakJ0+DkrSSNjCkIjxS6bF9zb3elmeNGIjoY=
github.com/hashicorp/go-hclog v1.3.0 h1:G0ACM8Z2WilWgPv3Vdzwm3V0BQu/kSmrkVtpe1fy9do=
github.com/hashicorp/go-hclog v1.3.0/go.mod h1:W4Qnvbt70Wk/zYJryRzDRU/4r0kIg0PVHBcfoyhpF5M=
github.com/jmespath/go-jmespath v0.4.0 h1:BEgLn5cpjn8UN1mAw4NjwDrS35OdebyEtFe+9YPoQUg=
github.com/jmespath/go-jmespath v0.4.0/go.mod h1:T8mJZnbsbmF+m6zOOFylbeCJqk5+pHWvzYPziyZiYoo=
github.com/jmespath/go-jmespath/internal/testify v1.5.1 h1:shLQSRRSCCPj3f2gpwzGwWFoC7ycTf1rcQZHOlsJ6N8=
github.com/jmespath/go-jmespath/internal/testify v1.5.1/go.mod h1:L3OGu8Wl2/fWfCI6z80xFu9LTZmf1ZRjMHUOPmWr69U=
github.com/mattn/go-colorable v0.1.9/go.mod h1:u6P/XSegPjTcexA+o6vUJrdnUu04hMope9wVRipJSqc=
github.com/mattn/go-colorable v0.1.12 h1:jF+Du6AlPIjs2BiUiQlKOX0rt3SujHxPnksPKZbaA40=
github.com/mattn/go-colorable v0.1.12/go.mod h1:u5H1YNBxpqRaxsYJYSkiCWKzEfiAb1Gb520KVy5xxl4=
github.com/mattn/go-isatty v0.0.12/go.mod h1:cbi8OIDigv2wuxKPP5vlRcQ1OAZbq2CE4Kysco4FUpU=
github.com/mattn/go-isatty v0.0.14 h1:yVuAays6BHfxijgZPzw+3Zlu5yQgKGP2/hcQbHb7S9Y=
github.com/mattn/go-isatty v0.0.14/go.mod h1:7GGIvUiUoEMVVmxf/4nioHXj79iQHKdU27kJ6hsGG94=
github.com/mattn/go-runewidth v0.0.13 h1:lTGmDsbAYt5DmK6OnoV7EuIF1wEIFAcxld6ypU4OSgU=
github.com/mattn/go-runewidth v0.0.13/go.mod h1:Jdepj2loyihRzMpdS35Xk/zdY8IAYHsh153qUoGf23w=
github.com/mitchellh/mapstructure v1.5.0 h1:jeMsZIYE/09sWLaz43PL7Gy6RuMjD2eJVyuac5Z2hdY=
github.com/mitchellh/mapstructure v1.5.0/go.mod h1:bFUtVrKA4DC2yAKiSyO/QUcy7e+RRV2QTWOzhPopBRo=
github.com/pkg/errors v0.9.1/go.mod h1:bwawxfHBFNV+L2hUp1rHADufV3IMtnDRdf1r5NINEl0=
github.com/pmezard/go-difflib v1.0.0 h1:4DBwDE0NGyQoBHbLQYPwSUPoCMWR5BEzIk/f1lZbAQM=
github.com/pmezard/go-difflib v1.0.0/go.mod h1:iKH77koFhYxTK1pcRnkKkqfTogsbg7gZNVY4sRDYZ/4=
github.com/rivo/uniseg v0.2.0/go.mod h1:J6wj4VEh+S6ZtnVlnTBMWIodfgj8LQOQFoIToxlJtxc=
github.com/rivo/uniseg v0.3.4 h1:3Z3Eu6FGHZWSfNKJTOUiPatWwfc7DzJRU04jFUqJODw=
github.com/rivo/uniseg v0.3.4/go.mod h1:FN3SvrM+Zdj16jyLfmOkMNblXMcoc8DfTHruCPUcx88=
github.com/rs/xid v1.4.0/go.mod h1:trrq9SKmegXys3aeAKXMUTdJsYXVwGY3RLcfgqegfbg=
github.com/rs/zerolog v1.28.0 h1:MirSo27VyNi7RJYP3078AA1+Cyzd2GB66qy3aUHvsWY=
github.com/rs/zerolog v1.28.0/go.mod h1:NILgTygv/Uej1ra5XxGf82ZFSLk58MFGAUS2o6usyD0=
github.com/stretchr/objx v0.1.0/go.mod h1:HFkY916IF+rwdDfMAkV7OtwuqBVzrE8GR6GFx+wExME=
github.com/stretchr/testify v1.7.2 h1:4jaiDzPyXQvSd7D0EjG45355tLlV3VOECpq10pLC+8s=
github.com/stretchr/testify v1.7.2/go.mod h1:R6va5+xMeoiuVRoj+gSkQ7d3FALtqAAGI1FQKckRals=
github.com/vbauerster/mpb/v7 v7.5.2 h1:Ph3JvpBcoIwzIG1QwbUq97KQifrTRbKcMXN9rN5BYAs=
github.com/vbauerster/mpb/v7 v7.5.2/go.mod h1:UmOiIUI8aPqWXIps0ciik3RKMdzx7+ooQpq+fBcXwBA=
golang.org/x/exp v0.0.0-20220907003533-145caa8ea1d0 h1:17k44ji3KFYG94XS5QEFC8pyuOlMh3IoR+vkmTZmJJs=
golang.org/x/exp v0.0.0-20220907003533-145caa8ea1d0/go.mod h1:cyybsKvd6eL0RnXn6p/Grxp8F5bW7iYuBgsNCOHpMYE=
golang.org/x/sys v0.0.0-20200116001909-b77594299b42/go.mod h1:h1NjWce9XRLGQEsW7wpKNCjG9DtNlClVuFLEZdDNbEs=
golang.org/x/sys v0.0.0-20200223170610-d5e6a3e2c0ae/go.mod h1:h1NjWce9XRLGQEsW7wpKNCjG9DtNlClVuFLEZdDNbEs=
golang.org/x/sys v0.0.0-20210630005230-0f9fa26af87c/go.mod h1:oPkhp1MJrh7nUepCBck5+mAzfO9JrbApNNgaTdGDITg=
golang.org/x/sys v0.0.0-20210927094055-39ccf1dd6fa6/go.mod h1:oPkhp1MJrh7nUepCBck5+mAzfO9JrbApNNgaTdGDITg=
golang.org/x/sys v0.0.0-20220503163025-988cb79eb6c6/go.mod h1:oPkhp1MJrh7nUepCBck5+mAzfO9JrbApNNgaTdGDITg=
golang.org/x/sys v0.0.0-20220520151302-bc2c85ada10a/go.mod h1:oPkhp1MJrh7nUepCBck5+mAzfO9JrbApNNgaTdGDITg=
golang.org/x/sys v0.0.0-20220811171246-fbc7d0a398ab h1:2QkjZIsXupsJbJIdSjjUOgWK3aEtzyuh2mPt3l/CkeU=
golang.org/x/sys v0.0.0-20220811171246-fbc7d0a398ab/go.mod h1:oPkhp1MJrh7nUepCBck5+mAzfO9JrbApNNgaTdGDITg=
gopkg.in/check.v1 v0.0.0-20161208181325-20d25e280405 h1:yhCVgyC4o1eVCa2tZl7eS0r+SDo693bJlVdllGtEeKM=
gopkg.in/check.v1 v0.0.0-20161208181325-20d25e280405/go.mod h1:Co6ibVJAznAaIkqp8huTwlJQCZ016jof/cbN4VW5Yz0=
gopkg.in/yaml.v2 v2.2.8 h1:obN1ZagJSUGI0Ek/LBmuj4SNLPfIny3KsKFopxRdj10=
gopkg.in/yaml.v2 v2.2.8/go.mod h1:hI93XBmqTisBFMUTm0b8Fm+jr3Dg1NNxqwp+5A1VGuI=
gopkg.in/yaml.v3 v3.0.1 h1:fxVm/GzAzEWqLHuvctI91KS9hhNmmWOoWu0XTYJS7CA=
gopkg.in/yaml.v3 v3.0.1/go.mod h1:K4uyk7z7BCEPqu6E+C64Yfv1cQ7kz7rIZviUmN+EgEM=
