github.com/VividCortex/ewma v1.2.0 h1:f58SaIzcDXrSy3kWaHNvuJgJ3Nmz59Zji6XoJR/q1ow=
github.com/VividCortex/ewma v1.2.0/go.mod h1:nz4BbCtbLyFDeC9SUHbtcT5644juEuWfUAUnGx7j5l4=
github.com/acarl005/stripansi v0.0.0-20180116102854-5a71ef0e047d h1:licZJFw2RwpHMqeKTCYkitsPqHNxTmd4SNR5r94FGM8=
github.com/acarl005/stripansi v0.0.0-20180116102854-5a71ef0e047d/go.mod h1:asat636LX7Bqt5lYEZ27JNDcqxfjdBQuJ/MM4CN/Lzo=
github.com/aws/aws-sdk-go-v2 v1.16.12 h1:wbMYa2PlFysFx2GLIQojr6FJV5+OWCM/BwyHXARxETA=
github.com/aws/aws-sdk-go-v2 v1.16.12/go.mod h1:C+Ym0ag2LIghJbXhfXZ0YEEp49rBWowxKzJLUoob0ts=
github.com/aws/aws-sdk-go-v2/aws/protocol/eventstream v1.4.5 h1:7A1nDFvkVlBmMa69QMLkw/m/DDHm6PUluIYK61aQoOY=
github.com/aws/aws-sdk-go-v2/aws/protocol/eventstream v1.4.5/go.mod h1:DnlOnWR2YuzMXNSHHNuoklObUE3SwWlcRTGL/zL+Aj8=
github.com/aws/aws-sdk-go-v2/config v1.17.2 h1:V96WPd2a1H/MXGZjk4zto+KpYnwZI2kdIdy/cI8kYnQ=
github.com/aws/aws-sdk-go-v2/config v1.17.2/go.mod h1:jumS/AMwul4WaG8vyXsF6kUndG9zndR+yfYBwl4i9ds=
github.com/aws/aws-sdk-go-v2/credentials v1.12.15 h1:6DONxG9cR3pAuISj1Irh5u2SRqCfIJwyHNyDDes7SZw=
github.com/aws/aws-sdk-go-v2/credentials v1.12.15/go.mod h1:41zTC6U/78fUD7ZCa5NymTJANDjfqySg5YEAYVFl2Ic=
github.com/aws/aws-sdk-go-v2/feature/ec2/imds v1.12.13 h1:+uferi8SUDZtMloCDt24Zenyy/i71C/ua5mjUCpbpN0=
github.com/aws/aws-sdk-go-v2/feature/ec2/imds v1.12.13/go.mod h1:y0eXmsNBFIVjUE8ZBjES8myOHlMsXDz7qGT93+MVdjk=
github.com/aws/aws-sdk-go-v2/internal/configsources v1.1.19 h1:gC5mudiFrWGhzcdoWj1iCGUfrzCpQG0MQIQf0CXFFQQ=
github.com/aws/aws-sdk-go-v2/internal/configsources v1.1.19/go.mod h1:llxE6bwUZhuCas0K7qGiu5OgMis3N7kdWtFSxoHmJ7E=
github.com/aws/aws-sdk-go-v2/internal/endpoints/v2 v2.4.13 h1:qezY57na06d6kSE7uuB0N7XEflu914AXx/hg2L8Ykcw=
github.com/aws/aws-sdk-go-v2/internal/endpoints/v2 v2.4.13/go.mod h1:lB12mkZqCSo5PsdBFLNqc2M/OOYgNAy8UtaktyuWvE8=
github.com/aws/aws-sdk-go-v2/internal/ini v1.3.20 h1:GvszACAU8GSV3+Tant5GutW6smY8WavrP8ZuRS9Ku4Q=
github.com/aws/aws-sdk-go-v2/internal/ini v1.3.20/go.mod h1:bfTcsThj5a9P5pIGRy0QudJ8k4+issxXX+O6Djnd5Cs=
github.com/aws/aws-sdk-go-v2/internal/v4a v1.0.10 h1:233xgzn4lsBeN7qgG+k2kLquzBk35WB+nIhPMeK0h/Q=
github.com/aws/aws-sdk-go-v2/internal/v4a v1.0.10/go.mod h1:1nl/nuVB6+UOpiyYJBfyhCzsX8fJAL6fCVcbtPIIV4w=
github.com/aws/aws-sdk-go-v2/service/acm v1.14.13 h1:wbbD1KDg43bDTbT0T3djSIxo2w2A91XUDLAb6W2GPRQ=
github.com/aws/aws-sdk-go-v2/service/acm v1.14.13/go.mod h1:sY5M2YVigMcUHPL1oJniDxpIFSvo2G6hVFRICynT9f0=
github.com/aws/aws-sdk-go-v2/service/apigateway v1.15.15 h1:iUizkDwbZtAbGRWT0QsYpZo5/G9b9hL3ah5r1VwenSc=
github.com/aws/aws-sdk-go-v2/service/apigateway v1.15.15/go.mod h1:fINFhgHIazWm6rvhvwDoEUbzSGYICwnnbZGm08zR5eY=
github.com/aws/aws-sdk-go-v2/service/autoscaling v1.23.11 h1:9rBQs07Q7ai6CGaotFbQYZ93j3G8OLtNikREQtDQd8I=
github.com/aws/aws-sdk-go-v2/service/autoscaling v1.23.11/go.mod h1:VQEwMXM88/mogH7Md4qAmwLSudS+3B/60fh1XwLd/Zw=
github.com/aws/aws-sdk-go-v2/service/cloudfront v1.20.1 h1:O8fstHQ+Uus72mUJxLAroNyeLJNQsrI1Y4Fb/K+eeYk=
github.com/aws/aws-sdk-go-v2/service/cloudfront v1.20.1/go.mod h1:AIdP5yCBmmN+asG94bq6HHEe3obfzT040GEnHwqJhb4=
github.com/aws/aws-sdk-go-v2/service/cloudtrail v1.16.9 h1:3UN1OCW9U+BvaV3GMk57jpbTDvNncC2+/m3DNPrRfqA=
github.com/aws/aws-sdk-go-v2/service/cloudtrail v1.16.9/go.mod h1:KNj0pOxkmyH9LtkkORzhkViUl7xrG/GGWq6CSdbY/uE=
github.com/aws/aws-sdk-go-v2/service/dynamodb v1.16.1 h1:WP3ARXx25kIGrF2vepkwKknH2BmLmrdKLFKYaLu/Ac0=
github.com/aws/aws-sdk-go-v2/service/dynamodb v1.16.1/go.mod h1:j+0UQoaOABwwZfkagvIUYtkNFFEl4mwdWmKEg2BCXtY=
github.com/aws/aws-sdk-go-v2/service/ec2 v1.54.1 h1:WXGddQBKthNF5vwDp1qH/AVqzzz5xwdzSNtDdOhbYNA=
github.com/aws/aws-sdk-go-v2/service/ec2 v1.54.1/go.mod h1:d1gxyomADOqOm0m9lGsr1m61ubU7lUyWhxkEeJBgPF4=
github.com/aws/aws-sdk-go-v2/service/ecr v1.17.13 h1:L14Te0oUeZhFpOPpTlIY/gtFT/T/SBZJ2zBi4C7E6xM=
github.com/aws/aws-sdk-go-v2/service/ecr v1.17.13/go.mod h1:7MjTf/LqvCvE77xPhu3Acrys9MuZ+oGZyk5XsV0M9Xs=
github.com/aws/aws-sdk-go-v2/service/eks v1.21.9 h1:EpCymafUCfbSZc31ON/ivJ7KGbWuBfrAK9tXyZESAgk=
github.com/aws/aws-sdk-go-v2/service/eks v1.21.9/go.mod h1:yZnfn4QYQkit9L31x6aVawzsl4fETpchB4E3J0m8sCM=
github.com/aws/aws-sdk-go-v2/service/elasticloadbalancingv2 v1.18.14 h1:lAOHpEXnee08wS9Y/BkTND27vAIAsmlujOtd6C6qf9k=
github.com/aws/aws-sdk-go-v2/service/elasticloadbalancingv2 v1.18.14/go.mod h1:o+hhEAlqnFQNC/qE0kJfo/mprCNkb4g2OAX5KNd9N5Q=
github.com/aws/aws-sdk-go-v2/service/guardduty v1.15.5 h1:Mxy7gZpDSWbAWw8alq2BA89YmQ03pCOvhXYkP5tzQFA=
github.com/aws/aws-sdk-go-v2/service/guardduty v1.15.5/go.mod h1:iJ+Eg8HXIblosmyLYfG68oTbTxbp94hX1cQAznCqYZM=
github.com/aws/aws-sdk-go-v2/service/iam v1.18.15 h1:cW3Okx2MHPl/RDAy9kCJMO8bHsvOuzUVAfxY2tGT72g=
github.com/aws/aws-sdk-go-v2/service/iam v1.18.15/go.mod h1:ArKxW0tjLJ/V3r9Go9zuMJ3lvP+5jH8eSmyMg+8lbWs=
github.com/aws/aws-sdk-go-v2/service/internal/accept-encoding v1.9.6 h1:Z0Yw2qkgPZVGbOR70snGRAlBR0QIGPLkHoNhR4+7hbY=
github.com/aws/aws-sdk-go-v2/service/internal/accept-encoding v1.9.6/go.mod h1:Slj62rcu4BKdMAH0wqeP0fUkW1b1bkCxcSP+ZY5cevE=
github.com/aws/aws-sdk-go-v2/service/internal/checksum v1.1.14 h1:NWR21daQBDyY4WChz4Gd78QuCPorUJiSHg7r1OWvfgA=
github.com/aws/aws-sdk-go-v2/service/internal/checksum v1.1.14/go.mod h1:Yz4G3rD1LtBcg6gIYtJtpoEjts9IZMHiamdm3F1xtNA=
github.com/aws/aws-sdk-go-v2/service/internal/endpoint-discovery v1.7.13 h1:8/FLlGkMujID6TWAp4u8ZPG2cUlzdb0O7oZAO7gJRao=
github.com/aws/aws-sdk-go-v2/service/internal/endpoint-discovery v1.7.13/go.mod h1:2y1G82knqAlBRoLVSgQ0V7ktf7F1ZZ4ltK5LO1efbfU=
github.com/aws/aws-sdk-go-v2/service/internal/presigned-url v1.9.13 h1:ObfthqDyhe7rMAOa7pqft6974VHIk8BAJB7kYdoIfTA=
github.com/aws/aws-sdk-go-v2/service/internal/presigned-url v1.9.13/go.mod h1:V390DK4MQxLpDdXxFqizyz8KUxuWImkW/xzgXMz0yyk=
github.com/aws/aws-sdk-go-v2/service/internal/s3shared v1.13.13 h1:h1equp9qdWANft5cmtDUditRlALvE7tuaHs2RdSbsQg=
github.com/aws/aws-sdk-go-v2/service/internal/s3shared v1.13.13/go.mod h1:3RA7cs1uHkbV3f6tMYy7u0OfkyVckZBM70wUS4h1MDk=
github.com/aws/aws-sdk-go-v2/service/lambda v1.24.1 h1:rTQiyR9U5GyWNkOQkCr4vSmXwFY6+JCXT4jj0O3cOPk=
github.com/aws/aws-sdk-go-v2/service/lambda v1.24.1/go.mod h1:GGNFyeFTpjdpMviEl25gUhnDI6AmBxnB5uAJvdhdVLM=
github.com/aws/aws-sdk-go-v2/service/rds v1.25.2 h1:x0lOzOmC5pY1e5nimsgBPY432aLa7ThE8JwVqnKxHgU=
github.com/aws/aws-sdk-go-v2/service/rds v1.25.2/go.mod h1:H+bOMorUHP4ZPq/da35igxNCxn/WZMa64eAaiXZbWwE=
github.com/aws/aws-sdk-go-v2/service/s3 v1.27.6 h1:4+iM+rBAcS9zZwQ2+Y57GgC41cRe6C8khdYfqaUT2k0=
github.com/aws/aws-sdk-go-v2/service/s3 v1.27.6/go.mod h1:orjy5IRgBQnh9EI/lMW7YGF6eYk6re8HPFbL66a2DSo=
github.com/aws/aws-sdk-go-v2/service/sso v1.11.18 h1:gTn1a/FbcOXK5LQS88dD5k+PKwyjVvhAEEwyN4c6eW8=
github.com/aws/aws-sdk-go-v2/service/sso v1.11.18/go.mod h1:ytmEi5+qwcSNcV2pVA8PIb1DnKT/0Bu/K4nfJHwoM6c=
github.com/aws/aws-sdk-go-v2/service/ssooidc v1.13.1 h1:p48IfndYbRk3iDsoQAmVXdCKEM5+7Y50JAPikjwk8gI=
github.com/aws/aws-sdk-go-v2/service/ssooidc v1.13.1/go.mod h1:NY+G+8PW0ISyJ7/6t5mgOe6qpJiwZa9Jix05WPscJjg=
github.com/aws/aws-sdk-go-v2/service/sts v1.16.14 h1:7kxso8VZLQ86Jg27QRBw6fjrQhQ8CMNMZ7SB0w7RQiA=
github.com/aws/aws-sdk-go-v2/service/sts v1.16.14/go.mod h1:Y+BUV19q3OmQVqNUlbZ40zVi3NM6Biuxwkx/qdSD/CY=
github.com/aws/smithy-go v1.13.0 h1:YfyEmSJLo7fAv8FbuDK4R8F9aAmi9DZ88Zb/KJJmUl0=
github.com/aws/smithy-go v1.13.0/go.mod h1:Tg+OJXh4MB2R/uN61Ko2f6hTZwB/ZYGOtib8J3gBHzA=
github.com/coreos/go-systemd/v22 v22.3.3-0.20220203105225-a9a7ef127534/go.mod h1:Y58oyj3AT4RCenI/lSvhwexgC+NSVTIJ3seZv2GcEnc=
github.com/davecgh/go-spew v1.1.0/go.mod h1:J7Y8YcW2NihsgmVo/mv3lAwl/skON4iLHjSsI+c5H38=
github.com/davecgh/go-spew v1.1.1 h1:vj9j/u1bqnvCEfJOwUhtlOARqs3+rkHYY13jYWTU97c=
github.com/davecgh/go-spew v1.1.1/go.mod h1:J7Y8YcW2NihsgmVo/mv3lAwl/skON4iLHjSsI+c5H38=
github.com/fatih/color v1.13.0 h1:8LOYc1KYPPmyKMuN8QV2DNRWNbLo6LZ0iLs8+mlH53w=
github.com/fatih/color v1.13.0/go.mod h1:kLAiJbzzSOZDVNGyDpeOxJ47H46qBXwg5ILebYFFOfk=
github.com/godbus/dbus/v5 v5.0.4/go.mod h1:xhWf0FNVPg57R7Z0UbKHbJfkEywrmjJnf7w5xrFpKfA=
github.com/google/go-cmp v0.5.8 h1:e6P7q2lk1O+qJJb4BtCQXlK8vWEO8V1ZeuEdJNOqZyg=
github.com/google/go-cmp v0.5.8/go.mod h1:17dUlkBOakJ0+DkrSSNjCkIjxS6bF9zb3elmeNGIjoY=
github.com/hashicorp/go-hclog v1.3.0 h1:G0ACM8Z2WilWgPv3Vdzwm3V0BQu/kSmrkVtpe1fy9do=
github.com/hashicorp/go-hclog v1.3.0/go.mod h1:W4Qnvbt70Wk/zYJryRzDRU/4r0kIg0PVHBcfoyhpF5M=
github.com/jmespath/go-jmespath v0.4.0 h1:BEgLn5cpjn8UN1mAw4NjwDrS35OdebyEtFe+9YPoQUg=
github.com/jmespath/go-jmespath v0.4.0/go.mod h1:T8mJZnbsbmF+m6zOOFylbeCJqk5+pHWvzYPziyZiYoo=
github.com/jmespath/go-jmespath/internal/testify v1.5.1 h1:shLQSRRSCCPj3f2gpwzGwWFoC7ycTf1rcQZHOlsJ6N8=
github.com/jmespath/go-jmespath/internal/testify v1.5.1/go.mod h1:L3OGu8Wl2/fWfCI6z80xFu9LTZmf1ZRjMHUOPmWr69U=
github.com/mattn/go-colorable v0.1.9/go.mod h1:u6P/XSegPjTcexA+o6vUJrdnUu04hMope9wVRipJSqc=
github.com/mattn/go-colorable v0.1.12 h1:jF+Du6AlPIjs2BiUiQlKOX0rt3SujHxPnksPKZbaA40=
github.com/mattn/go-colorable v0.1.12/go.mod h1:u5H1YNBxpqRaxsYJYSkiCWKzEfiAb1Gb520KVy5xxl4=
github.com/mattn/go-isatty v0.0.12/go.mod h1:cbi8OIDigv2wuxKPP5vlRcQ1OAZbq2CE4Kysco4FUpU=
github.com/mattn/go-isatty v0.0.14 h1:yVuAays6BHfxijgZPzw+3Zlu5yQgKGP2/hcQbHb7S9Y=
github.com/mattn/go-isatty v0.0.14/go.mod h1:7GGIvUiUoEMVVmxf/4nioHXj79iQHKdU27kJ6hsGG94=
github.com/mattn/go-runewidth v0.0.13 h1:lTGmDsbAYt5DmK6OnoV7EuIF1wEIFAcxld6ypU4OSgU=
github.com/mattn/go-runewidth v0.0.13/go.mod h1:Jdepj2loyihRzMpdS35Xk/zdY8IAYHsh153qUoGf23w=
github.com/mitchellh/mapstructure v1.5.0 h1:jeMsZIYE/09sWLaz43PL7Gy6RuMjD2eJVyuac5Z2hdY=
github.com/mitchellh/mapstructure v1.5.0/go.mod h1:bFUtVrKA4DC2yAKiSyO/QUcy7e+RRV2QTWOzhPopBRo=
github.com/pkg/errors v0.9.1/go.mod h1:bwawxfHBFNV+L2hUp1rHADufV3IMtnDRdf1r5NINEl0=
github.com/pmezard/go-difflib v1.0.0 h1:4DBwDE0NGyQoBHbLQYPwSUPoCMWR5BEzIk/f1lZbAQM=
github.com/pmezard/go-difflib v1.0.0/go.mod h1:iKH77koFhYxTK1pcRnkKkqfTogsbg7gZNVY4sRDYZ/4=
github.com/rivo/uniseg v0.2.0/go.mod h1:J6wj4VEh+S6ZtnVlnTBMWIodfgj8LQOQFoIToxlJtxc=
github.com/rivo/uniseg v0.3.4 h1:3Z3Eu6FGHZWSfNKJTOUiPatWwfc7DzJRU04jFUqJODw=
github.com/rivo/uniseg v0.3.4/go.mod h1:FN3SvrM+Zdj16jyLfmOkMNblXMcoc8DfTHruCPUcx88=
github.com/rs/xid v1.4.0/go.mod h1:trrq9SKmegXys3aeAKXMUTdJsYXVwGY3RLcfgqegfbg=
github.com/rs/zerolog v1.28.0 h1:MirSo27VyNi7RJYP3078AA1+Cyzd2GB66qy3aUHvsWY=
github.com/rs/zerolog v1.28.0/go.mod h1:NILgTygv/Uej1ra5XxGf82ZFSLk58MFGAUS2o6usyD0=
github.com/stretchr/objx v0.1.0/go.mod h1:HFkY916IF+rwdDfMAkV7OtwuqBVzrE8GR6GFx+wExME=
github.com/stretchr/testify v1.7.2 h1:4jaiDzPyXQvSd7D0EjG45355tLlV3VOECpq10pLC+8s=
github.com/stretchr/testify v1.7.2/go.mod h1:R6va5+xMeoiuVRoj+gSkQ7d3FALtqAAGI1FQKckRals=
github.com/vbauerster/mpb/v7 v7.5.2 h1:Ph3JvpBcoIwzIG1QwbUq97KQifrTRbKcMXN9rN5BYAs=
github.com/vbauerster/mpb/v7 v7.5.2/go.mod h1:UmOiIUI8aPqWXIps0ciik3RKMdzx7+ooQpq+fBcXwBA=
golang.org/x/exp v0.0.0-20220827204233-334a2380cb91 h1:tnebWN09GYg9OLPss1KXj8txwZc6X6uMr6VFdcGNbHw=
golang.org/x/exp v0.0.0-20220827204233-334a2380cb91/go.mod h1:cyybsKvd6eL0RnXn6p/Grxp8F5bW7iYuBgsNCOHpMYE=
golang.org/x/sys v0.0.0-20200116001909-b77594299b42/go.mod h1:h1NjWce9XRLGQEsW7wpKNCjG9DtNlClVuFLEZdDNbEs=
golang.org/x/sys v0.0.0-20200223170610-d5e6a3e2c0ae/go.mod h1:h1NjWce9XRLGQEsW7wpKNCjG9DtNlClVuFLEZdDNbEs=
golang.org/x/sys v0.0.0-20210630005230-0f9fa26af87c/go.mod h1:oPkhp1MJrh7nUepCBck5+mAzfO9JrbApNNgaTdGDITg=
golang.org/x/sys v0.0.0-20210927094055-39ccf1dd6fa6/go.mod h1:oPkhp1MJrh7nUepCBck5+mAzfO9JrbApNNgaTdGDITg=
golang.org/x/sys v0.0.0-20220503163025-988cb79eb6c6/go.mod h1:oPkhp1MJrh7nUepCBck5+mAzfO9JrbApNNgaTdGDITg=
golang.org/x/sys v0.0.0-20220520151302-bc2c85ada10a/go.mod h1:oPkhp1MJrh7nUepCBck5+mAzfO9JrbApNNgaTdGDITg=
golang.org/x/sys v0.0.0-20220811171246-fbc7d0a398ab h1:2QkjZIsXupsJbJIdSjjUOgWK3aEtzyuh2mPt3l/CkeU=
golang.org/x/sys v0.0.0-20220811171246-fbc7d0a398ab/go.mod h1:oPkhp1MJrh7nUepCBck5+mAzfO9JrbApNNgaTdGDITg=
gopkg.in/check.v1 v0.0.0-20161208181325-20d25e280405 h1:yhCVgyC4o1eVCa2tZl7eS0r+SDo693bJlVdllGtEeKM=
gopkg.in/check.v1 v0.0.0-20161208181325-20d25e280405/go.mod h1:Co6ibVJAznAaIkqp8huTwlJQCZ016jof/cbN4VW5Yz0=
gopkg.in/yaml.v2 v2.2.8 h1:obN1ZagJSUGI0Ek/LBmuj4SNLPfIny3KsKFopxRdj10=
gopkg.in/yaml.v2 v2.2.8/go.mod h1:hI93XBmqTisBFMUTm0b8Fm+jr3Dg1NNxqwp+5A1VGuI=
gopkg.in/yaml.v3 v3.0.1 h1:fxVm/GzAzEWqLHuvctI91KS9hhNmmWOoWu0XTYJS7CA=
gopkg.in/yaml.v3 v3.0.1/go.mod h1:K4uyk7z7BCEPqu6E+C64Yfv1cQ7kz7rIZviUmN+EgEM=
